
Microsoft Visual Studio Solution File, Format Version 12.00
# Visual Studio Version 17
VisualStudioVersion = 17.11.35327.3
MinimumVisualStudioVersion = 10.0.40219.1
Project("{FAE04EC0-301F-11D3-BF4B-00C04F79EFBC}") = "TraceLink", "TraceLink\TraceLink.csproj", "{7029F766-3F31-40FF-B1FE-73250B8E58BF}"
EndProject
Global
	GlobalSection(SolutionConfigurationPlatforms) = preSolution
		Debug|Any CPU = Debug|Any CPU
		Release|Any CPU = Release|Any CPU
	EndGlobalSection
	GlobalSection(ProjectConfigurationPlatforms) = postSolution
		{7029F766-3F31-40FF-B1FE-73250B8E58BF}.Debug|Any CPU.ActiveCfg = Debug|Any CPU
		{7029F766-3F31-40FF-B1FE-73250B8E58BF}.Debug|Any CPU.Build.0 = Debug|Any CPU
		{7029F766-3F31-40FF-B1FE-73250B8E58BF}.Release|Any CPU.ActiveCfg = Release|Any CPU
		{7029F766-3F31-40FF-B1FE-73250B8E58BF}.Release|Any CPU.Build.0 = Release|Any CPU
	EndGlobalSection
	GlobalSection(SolutionProperties) = preSolution
		HideSolutionNode = FALSE
	EndGlobalSection
	GlobalSection(ExtensibilityGlobals) = postSolution
		SolutionGuid = {2A547AFE-DDD8-404D-A379-522DDAA9B571}
	EndGlobalSection
EndGlobal
